Microsoft Visual Studio Solution File, Format Version 12.00
# Visual Studio Version 17
VisualStudioVersion = 17.0.31903.59
MinimumVisualStudioVersion = 10.0.40219.1
Project("{9A19103F-16F7-4668-BE54-9A1E7A4F7556}") = "Girofy.Application", "src\Girofy.Application\Girofy.Application.csproj", "{A18537AB-5555-41FA-9B74-5BB87766F420}"
EndProject
Project("{9A19103F-16F7-4668-BE54-9A1E7A4F7556}") = "Girofy.Infrastructure", "src\Girofy.Infrastructure\Girofy.Infrastructure.csproj", "{3651171F-0BA7-435A-95C6-A4BF6CBEAE2D}"
EndProject
Project("{9A19103F-16F7-4668-BE54-9A1E7A4F7556}") = "Girofy.Desktop", "src\Girofy.Desktop\Girofy.Desktop.csproj", "{8C582E4C-4B6A-46C1-9BEC-A4C3A521CC08}"
EndProject
Project("{9A19103F-16F7-4668-BE54-9A1E7A4F7556}") = "Girofy.UnitTests", "tests\Girofy.UnitTests\Girofy.UnitTests.csproj", "{877BFE2B-1A43-4D7E-AAD1-E1EC6DA65EB7}"
EndProject
Global
	GlobalSection(SolutionConfigurationPlatforms) = preSolution
		Debug|Any CPU = Debug|Any CPU
		Release|Any CPU = Release|Any CPU
	EndGlobalSection
	GlobalSection(ProjectConfigurationPlatforms) = postSolution
		{A18537AB-5555-41FA-9B74-5BB87766F420}.Debug|Any CPU.ActiveCfg = Debug|Any CPU
		{A18537AB-5555-41FA-9B74-5BB87766F420}.Debug|Any CPU.Build.0 = Debug|Any CPU
		{A18537AB-5555-41FA-9B74-5BB87766F420}.Release|Any CPU.ActiveCfg = Release|Any CPU
		{A18537AB-5555-41FA-9B74-5BB87766F420}.Release|Any CPU.Build.0 = Release|Any CPU
		{3651171F-0BA7-435A-95C6-A4BF6CBEAE2D}.Debug|Any CPU.ActiveCfg = Debug|Any CPU
		{3651171F-0BA7-435A-95C6-A4BF6CBEAE2D}.Debug|Any CPU.Build.0 = Debug|Any CPU
		{3651171F-0BA7-435A-95C6-A4BF6CBEAE2D}.Release|Any CPU.ActiveCfg = Release|Any CPU
		{3651171F-0BA7-435A-95C6-A4BF6CBEAE2D}.Release|Any CPU.Build.0 = Release|Any CPU
		{8C582E4C-4B6A-46C1-9BEC-A4C3A521CC08}.Debug|Any CPU.ActiveCfg = Debug|Any CPU
		{8C582E4C-4B6A-46C1-9BEC-A4C3A521CC08}.Debug|Any CPU.Build.0 = Debug|Any CPU
		{8C582E4C-4B6A-46C1-9BEC-A4C3A521CC08}.Release|Any CPU.ActiveCfg = Release|Any CPU
		{8C582E4C-4B6A-46C1-9BEC-A4C3A521CC08}.Release|Any CPU.Build.0 = Release|Any CPU
		{877BFE2B-1A43-4D7E-AAD1-E1EC6DA65EB7}.Debug|Any CPU.ActiveCfg = Debug|Any CPU
		{877BFE2B-1A43-4D7E-AAD1-E1EC6DA65EB7}.Debug|Any CPU.Build.0 = Debug|Any CPU
		{877BFE2B-1A43-4D7E-AAD1-E1EC6DA65EB7}.Release|Any CPU.ActiveCfg = Release|Any CPU
		{877BFE2B-1A43-4D7E-AAD1-E1EC6DA65EB7}.Release|Any CPU.Build.0 = Release|Any CPU
	EndGlobalSection
EndGlobal
